
Microsoft Visual Studio Solution File, Format Version 12.00
# Visual Studio Version 17
VisualStudioVersion = 17.5.002.0
MinimumVisualStudioVersion = 10.0.40219.1
Project("{9A19103F-16F7-4668-BE54-9A1E7A4F7556}") = "projeto senha", "projeto senha.csproj", "{6C0E3C29-164B-4E6C-807A-31C53AF2A0EA}"
EndProject
Global
	GlobalSection(SolutionConfigurationPlatforms) = preSolution
		Debug|Any CPU = Debug|Any CPU
		Release|Any CPU = Release|Any CPU
	EndGlobalSection
	GlobalSection(ProjectConfigurationPlatforms) = postSolution
		{6C0E3C29-164B-4E6C-807A-31C53AF2A0EA}.Debug|Any CPU.ActiveCfg = Debug|Any CPU
		{6C0E3C29-164B-4E6C-807A-31C53AF2A0EA}.Debug|Any CPU.Build.0 = Debug|Any CPU
		{6C0E3C29-164B-4E6C-807A-31C53AF2A0EA}.Release|Any CPU.ActiveCfg = Release|Any CPU
		{6C0E3C29-164B-4E6C-807A-31C53AF2A0EA}.Release|Any CPU.Build.0 = Release|Any CPU
	EndGlobalSection
	GlobalSection(SolutionProperties) = preSolution
		HideSolutionNode = FALSE
	EndGlobalSection
	GlobalSection(ExtensibilityGlobals) = postSolution
		SolutionGuid = {A33DB2EF-02DE-458F-BD88-DBCBAC1135E2}
	EndGlobalSection
EndGlobal
